
Microsoft Visual Studio Solution File, Format Version 12.00
# Visual Studio Version 16
VisualStudioVersion = 16.0.31321.278
MinimumVisualStudioVersion = 10.0.40219.1
Project("{FAE04EC0-301F-11D3-BF4B-00C04F79EFBC}") = "Lab", "Lab\Lab.csproj", "{47C764EA-9E64-40B0-9DBE-D0358C17B169}"
EndProject
Project("{FAE04EC0-301F-11D3-BF4B-00C04F79EFBC}") = "TestStackToArray", "TestStackToArray\TestStackToArray.csproj", "{7C24A96F-2622-47FA-B3E1-5AAD27A10FE2}"
EndProject
Global
	GlobalSection(SolutionConfigurationPlatforms) = preSolution
		Debug|Any CPU = Debug|Any CPU
		Release|Any CPU = Release|Any CPU
	EndGlobalSection
	GlobalSection(ProjectConfigurationPlatforms) = postSolution
		{47C764EA-9E64-40B0-9DBE-D0358C17B169}.Debug|Any CPU.ActiveCfg = Debug|Any CPU
		{47C764EA-9E64-40B0-9DBE-D0358C17B169}.Debug|Any CPU.Build.0 = Debug|Any CPU
		{47C764EA-9E64-40B0-9DBE-D0358C17B169}.Release|Any CPU.ActiveCfg = Release|Any CPU
		{47C764EA-9E64-40B0-9DBE-D0358C17B169}.Release|Any CPU.Build.0 = Release|Any CPU
		{7C24A96F-2622-47FA-B3E1-5AAD27A10FE2}.Debug|Any CPU.ActiveCfg = Debug|Any CPU
		{7C24A96F-2622-47FA-B3E1-5AAD27A10FE2}.Debug|Any CPU.Build.0 = Debug|Any CPU
		{7C24A96F-2622-47FA-B3E1-5AAD27A10FE2}.Release|Any CPU.ActiveCfg = Release|Any CPU
		{7C24A96F-2622-47FA-B3E1-5AAD27A10FE2}.Release|Any CPU.Build.0 = Release|Any CPU
	EndGlobalSection
	GlobalSection(SolutionProperties) = preSolution
		HideSolutionNode = FALSE
	EndGlobalSection
	GlobalSection(ExtensibilityGlobals) = postSolution
		SolutionGuid = {1C6D9C6D-E6BA-4649-91D6-820DD1436357}
	EndGlobalSection
EndGlobal
